
Microsoft Visual Studio Solution File, Format Version 12.00
# Visual Studio Version 16
VisualStudioVersion = 16.0.29509.3
MinimumVisualStudioVersion = 10.0.40219.1
Project("{9A19103F-16F7-4668-BE54-9A1E7A4F7556}") = "CuaHangDienThoai", "CuaHangDienThoai\CuaHangDienThoai.csproj", "{56980448-3707-44E9-971F-481C96471ED6}"
EndProject
Global
	GlobalSection(SolutionConfigurationPlatforms) = preSolution
		Debug|Any CPU = Debug|Any CPU
		Release|Any CPU = Release|Any CPU
	EndGlobalSection
	GlobalSection(ProjectConfigurationPlatforms) = postSolution
		{56980448-3707-44E9-971F-481C96471ED6}.Debug|Any CPU.ActiveCfg = Debug|Any CPU
		{56980448-3707-44E9-971F-481C96471ED6}.Debug|Any CPU.Build.0 = Debug|Any CPU
		{56980448-3707-44E9-971F-481C96471ED6}.Release|Any CPU.ActiveCfg = Release|Any CPU
		{56980448-3707-44E9-971F-481C96471ED6}.Release|Any CPU.Build.0 = Release|Any CPU
	EndGlobalSection
	GlobalSection(SolutionProperties) = preSolution
		HideSolutionNode = FALSE
	EndGlobalSection
	GlobalSection(ExtensibilityGlobals) = postSolution
		SolutionGuid = {57ACC4DE-6838-4FEA-9605-C96EC21939E2}
	EndGlobalSection
EndGlobal
